// !$*UTF8*$!
{
	archiveVersion = 1;
	classes = {
	};
	objectVersion = 46;
	objects = {

/* Begin PBXBuildFile section */
		2F1C607A197C09E4004D3C2A /* Foundation.framework in Frameworks */ = {isa = PBXBuildFile; fileRef = 2F1C6079197C09E4004D3C2A /* Foundation.framework */; };
		2F1C607C197C09E4004D3C2A /* CoreGraphics.framework in Frameworks */ = {isa = PBXBuildFile; fileRef = 2F1C607B197C09E4004D3C2A /* CoreGraphics.framework */; };
		2F1C607E197C09E4004D3C2A /* UIKit.framework in Frameworks */ = {isa = PBXBuildFile; fileRef = 2F1C607D197C09E4004D3C2A /* UIKit.framework */; };
		2F1C6084197C09E4004D3C2A /* InfoPlist.strings in Resources */ = {isa = PBXBuildFile; fileRef = 2F1C6082197C09E4004D3C2A /* InfoPlist.strings */; };
		2F1C6086197C09E4004D3C2A /* main.m in Sources */ = {isa = PBXBuildFile; fileRef = 2F1C6085197C09E4004D3C2A /* main.m */; };
		2F1C608A197C09E4004D3C2A /* AppDelegate.m in Sources */ = {isa = PBXBuildFile; fileRef = 2F1C6089197C09E4004D3C2A /* AppDelegate.m */; };
		2F1C608D197C09E4004D3C2A /* Main.storyboard in Resources */ = {isa = PBXBuildFile; fileRef = 2F1C608B197C09E4004D3C2A /* Main.storyboard */; };
		2F1C6090197C09E4004D3C2A /* ViewController.m in Sources */ = {isa = PBXBuildFile; fileRef = 2F1C608F197C09E4004D3C2A /* ViewController.m */; };
		2F1C6092197C09E4004D3C2A /* Images.xcassets in Resources */ = {isa = PBXBuildFile; fileRef = 2F1C6091197C09E4004D3C2A /* Images.xcassets */; };
		2F1C6099197C09E5004D3C2A /* XCTest.framework in Frameworks */ = {isa = PBXBuildFile; fileRef = 2F1C6098197C09E5004D3C2A /* XCTest.framework */; };
		2F1C609A197C09E5004D3C2A /* Foundation.framework in Frameworks */ = {isa = PBXBuildFile; fileRef = 2F1C6079197C09E4004D3C2A /* Foundation.framework */; };
		2F1C609B197C09E5004D3C2A /* UIKit.framework in Frameworks */ = {isa = PBXBuildFile; fileRef = 2F1C607D197C09E4004D3C2A /* UIKit.framework */; };
		2F1C60A3197C09E5004D3C2A /* InfoPlist.strings in Resources */ = {isa = PBXBuildFile; fileRef = 2F1C60A1197C09E5004D3C2A /* InfoPlist.strings */; };
		2F1C60A5197C09E5004D3C2A /* AllianceTests.m in Sources */ = {isa = PBXBuildFile; fileRef = 2F1C60A4197C09E5004D3C2A /* AllianceTests.m */; };
		2F7498631986548E00AE2608 /* MapVC.m in Sources */ = {isa = PBXBuildFile; fileRef = 2F7498621986548E00AE2608 /* MapVC.m */; };
		2F749865198654D900AE2608 /* map0000.png in Resources */ = {isa = PBXBuildFile; fileRef = 2F749864198654D900AE2608 /* map0000.png */; };
		2F7498671986592300AE2608 /* 启用导航.png in Resources */ = {isa = PBXBuildFile; fileRef = 2F7498661986592300AE2608 /* 启用导航.png */; };
		2F9B641C198349D3003EF37F /* 我已出发.png in Resources */ = {isa = PBXBuildFile; fileRef = 2F9B6414198349D3003EF37F /* 我已出发.png */; };
		2F9B641D198349D3003EF37F /* 接机.png in Resources */ = {isa = PBXBuildFile; fileRef = 2F9B6415198349D3003EF37F /* 接机.png */; };
		2F9B641E198349D3003EF37F /* 查看导航.png in Resources */ = {isa = PBXBuildFile; fileRef = 2F9B6416198349D3003EF37F /* 查看导航.png */; };
		2F9B641F198349D3003EF37F /* 查看导航_方向.png in Resources */ = {isa = PBXBuildFile; fileRef = 2F9B6417198349D3003EF37F /* 查看导航_方向.png */; };
		2F9B6420198349D3003EF37F /* 终点.png in Resources */ = {isa = PBXBuildFile; fileRef = 2F9B6418198349D3003EF37F /* 终点.png */; };
		2F9B6421198349D3003EF37F /* 起点.png in Resources */ = {isa = PBXBuildFile; fileRef = 2F9B6419198349D3003EF37F /* 起点.png */; };
		2F9B6422198349D3003EF37F /* 雷阵雨.png in Resources */ = {isa = PBXBuildFile; fileRef = 2F9B641A198349D3003EF37F /* 雷阵雨.png */; };
		2F9B6423198349D3003EF37F /* 预约用车.png in Resources */ = {isa = PBXBuildFile; fileRef = 2F9B641B198349D3003EF37F /* 预约用车.png */; };
		2F9B642A198390D4003EF37F /* 订单提示.png in Resources */ = {isa = PBXBuildFile; fileRef = 2F9B6424198390D4003EF37F /* 订单提示.png */; };
		2F9B642B198390D4003EF37F /* 返回.png in Resources */ = {isa = PBXBuildFile; fileRef = 2F9B6425198390D4003EF37F /* 返回.png */; };
		2F9B642C198390D4003EF37F /* 起点_订单提示.png in Resources */ = {isa = PBXBuildFile; fileRef = 2F9B6426198390D4003EF37F /* 起点_订单提示.png */; };
		2F9B642D198390D4003EF37F /* 抢单.png in Resources */ = {isa = PBXBuildFile; fileRef = 2F9B6427198390D4003EF37F /* 抢单.png */; };
		2F9B642E198390D4003EF37F /* 终点_订单提示.png in Resources */ = {isa = PBXBuildFile; fileRef = 2F9B6428198390D4003EF37F /* 终点_订单提示.png */; };
		2F9B642F198390D4003EF37F /* bg.png in Resources */ = {isa = PBXBuildFile; fileRef = 2F9B6429198390D4003EF37F /* bg.png */; };
		2F9B64321983B73F003EF37F /* MissionView.m in Sources */ = {isa = PBXBuildFile; fileRef = 2F9B64311983B73F003EF37F /* MissionView.m */; };
		2F9B6C701987C32400ED8936 /* 待办.png in Resources */ = {isa = PBXBuildFile; fileRef = 2F9B6C6F1987C32400ED8936 /* 待办.png */; };
		2F9B6C721987C3B900ED8936 /* 我的_normal.png in Resources */ = {isa = PBXBuildFile; fileRef = 2F9B6C711987C3B900ED8936 /* 我的_normal.png */; };
		2F9B6C7B1987C7B900ED8936 /* icon512@2x.png in Resources */ = {isa = PBXBuildFile; fileRef = 2F9B6C731987C7B900ED8936 /* icon512@2x.png */; };
		2F9B6C7C1987C7B900ED8936 /* icon144@2x.png in Resources */ = {isa = PBXBuildFile; fileRef = 2F9B6C741987C7B900ED8936 /* icon144@2x.png */; };
		2F9B6C7D1987C7B900ED8936 /* icon57@2x.png in Resources */ = {isa = PBXBuildFile; fileRef = 2F9B6C751987C7B900ED8936 /* icon57@2x.png */; };
		2F9B6C7E1987C7B900ED8936 /* icon58@2x.png in Resources */ = {isa = PBXBuildFile; fileRef = 2F9B6C761987C7B900ED8936 /* icon58@2x.png */; };
		2F9B6C7F1987C7B900ED8936 /* icon29@2x.png in Resources */ = {isa = PBXBuildFile; fileRef = 2F9B6C771987C7B900ED8936 /* icon29@2x.png */; };
		2F9B6C801987C7B900ED8936 /* icon80@2x.png in Resources */ = {isa = PBXBuildFile; fileRef = 2F9B6C781987C7B900ED8936 /* icon80@2x.png */; };
		2F9B6C811987C7B900ED8936 /* icon114@2x.png in Resources */ = {isa = PBXBuildFile; fileRef = 2F9B6C791987C7B900ED8936 /* icon114@2x.png */; };
		2F9B6C821987C7B900ED8936 /* icon120@2x.png in Resources */ = {isa = PBXBuildFile; fileRef = 2F9B6C7A1987C7B900ED8936 /* icon120@2x.png */; };
		2FB84BDB198123EE002B807F /* DungeonsVC.m in Sources */ = {isa = PBXBuildFile; fileRef = 2FB84BCD198123EE002B807F /* DungeonsVC.m */; };
		2FB84BDC198123EE002B807F /* minback@2x.png in Resources */ = {isa = PBXBuildFile; fileRef = 2FB84BCE198123EE002B807F /* minback@2x.png */; };
		2FB84BDD198123EE002B807F /* NSBundle+Language.m in Sources */ = {isa = PBXBuildFile; fileRef = 2FB84BD0198123EE002B807F /* NSBundle+Language.m */; };
		2FB84BDE198123EE002B807F /* NSMutableDictionary+Request.m in Sources */ = {isa = PBXBuildFile; fileRef = 2FB84BD2198123EE002B807F /* NSMutableDictionary+Request.m */; };
		2FB84BDF198123EE002B807F /* NSMutableDictionary+Response.m in Sources */ = {isa = PBXBuildFile; fileRef = 2FB84BD4198123EE002B807F /* NSMutableDictionary+Response.m */; };
		2FB84BE0198123EE002B807F /* NSMutableDictionary+Status.m in Sources */ = {isa = PBXBuildFile; fileRef = 2FB84BD6198123EE002B807F /* NSMutableDictionary+Status.m */; };
		2FB84BE1198123EE002B807F /* Orgrimar.m in Sources */ = {isa = PBXBuildFile; fileRef = 2FB84BD8198123EE002B807F /* Orgrimar.m */; };
		2FB84BE2198123EE002B807F /* SoloVC.m in Sources */ = {isa = PBXBuildFile; fileRef = 2FB84BDA198123EE002B807F /* SoloVC.m */; };
		2FB84BE8198126D5002B807F /* StratholmeVC.m in Sources */ = {isa = PBXBuildFile; fileRef = 2FB84BE7198126D5002B807F /* StratholmeVC.m */; };
		2FB84BEB1981276E002B807F /* LivingSideVC.m in Sources */ = {isa = PBXBuildFile; fileRef = 2FB84BEA1981276E002B807F /* LivingSideVC.m */; };
		2FB84BEE1981278C002B807F /* UndeadSideVC.m in Sources */ = {isa = PBXBuildFile; fileRef = 2FB84BED1981278C002B807F /* UndeadSideVC.m */; };
		2FB84BF71981281E002B807F /* UIHelper.m in Sources */ = {isa = PBXBuildFile; fileRef = 2FB84BF01981281E002B807F /* UIHelper.m */; };
		2FB84BF81981281E002B807F /* UIImageView+Util.m in Sources */ = {isa = PBXBuildFile; fileRef = 2FB84BF21981281E002B807F /* UIImageView+Util.m */; };
		2FB84BF91981281E002B807F /* UILabel+Util.m in Sources */ = {isa = PBXBuildFile; fileRef = 2FB84BF41981281E002B807F /* UILabel+Util.m */; };
		2FB84BFA1981281E002B807F /* UIView+Util.m in Sources */ = {isa = PBXBuildFile; fileRef = 2FB84BF61981281E002B807F /* UIView+Util.m */; };
		2FB84BFE19813764002B807F /* MissionCell.m in Sources */ = {isa = PBXBuildFile; fileRef = 2FB84BFD19813764002B807F /* MissionCell.m */; };
		2FB84C0119813876002B807F /* TheDarkPortal.m in Sources */ = {isa = PBXBuildFile; fileRef = 2FB84C0019813876002B807F /* TheDarkPortal.m */; };
		2FB84C041981F259002B807F /* OldCrafty.m in Sources */ = {isa = PBXBuildFile; fileRef = 2FB84C031981F259002B807F /* OldCrafty.m */; };
		2FB84C0A1981F4F4002B807F /* NSMutableDictionary+Mission.m in Sources */ = {isa = PBXBuildFile; fileRef = 2FB84C091981F4F4002B807F /* NSMutableDictionary+Mission.m */; };
		2FBA0D78197CFEB100B8C280 /* Dungeons.strings in Resources */ = {isa = PBXBuildFile; fileRef = 2FBA0D7A197CFEB100B8C280 /* Dungeons.strings */; };
/* End PBXBuildFile section */

/* Begin PBXContainerItemProxy section */
		2F1C609C197C09E5004D3C2A /* PBXContainerItemProxy */ = {
			isa = PBXContainerItemProxy;
			containerPortal = 2F1C606E197C09E4004D3C2A /* Project object */;
			proxyType = 1;
			remoteGlobalIDString = 2F1C6075197C09E4004D3C2A;
			remoteInfo = Alliance;
		};
/* End PBXContainerItemProxy section */

/* Begin PBXFileReference section */
		2F1C6076197C09E4004D3C2A /* 当地司机版.app */ = {isa = PBXFileReference; explicitFileType = wrapper.application; includeInIndex = 0; path = "当地司机版.app"; sourceTree = BUILT_PRODUCTS_DIR; };
		2F1C6079197C09E4004D3C2A /* Foundation.framework */ = {isa = PBXFileReference; lastKnownFileType = wrapper.framework; name = Foundation.framework; path = System/Library/Frameworks/Foundation.framework; sourceTree = SDKROOT; };
		2F1C607B197C09E4004D3C2A /* CoreGraphics.framework */ = {isa = PBXFileReference; lastKnownFileType = wrapper.framework; name = CoreGraphics.framework; path = System/Library/Frameworks/CoreGraphics.framework; sourceTree = SDKROOT; };
		2F1C607D197C09E4004D3C2A /* UIKit.framework */ = {isa = PBXFileReference; lastKnownFileType = wrapper.framework; name = UIKit.framework; path = System/Library/Frameworks/UIKit.framework; sourceTree = SDKROOT; };
		2F1C6081197C09E4004D3C2A /* Alliance-Info.plist */ = {isa = PBXFileReference; lastKnownFileType = text.plist.xml; path = "Alliance-Info.plist"; sourceTree = "<group>"; };
		2F1C6083197C09E4004D3C2A /* en */ = {isa = PBXFileReference; lastKnownFileType = text.plist.strings; name = en; path = en.lproj/InfoPlist.strings; sourceTree = "<group>"; };
		2F1C6085197C09E4004D3C2A /* main.m */ = {isa = PBXFileReference; lastKnownFileType = sourcecode.c.objc; path = main.m; sourceTree = "<group>"; };
		2F1C6087197C09E4004D3C2A /* Alliance-Prefix.pch */ = {isa = PBXFileReference; lastKnownFileType = sourcecode.c.h; path = "Alliance-Prefix.pch"; sourceTree = "<group>"; };
		2F1C6088197C09E4004D3C2A /* AppDelegate.h */ = {isa = PBXFileReference; lastKnownFileType = sourcecode.c.h; path = AppDelegate.h; sourceTree = "<group>"; };
		2F1C6089197C09E4004D3C2A /* AppDelegate.m */ = {isa = PBXFileReference; lastKnownFileType = sourcecode.c.objc; path = AppDelegate.m; sourceTree = "<group>"; };
		2F1C608C197C09E4004D3C2A /* Base */ = {isa = PBXFileReference; lastKnownFileType = file.storyboard; name = Base; path = Base.lproj/Main.storyboard; sourceTree = "<group>"; };
		2F1C608E197C09E4004D3C2A /* ViewController.h */ = {isa = PBXFileReference; lastKnownFileType = sourcecode.c.h; path = ViewController.h; sourceTree = "<group>"; };
		2F1C608F197C09E4004D3C2A /* ViewController.m */ = {isa = PBXFileReference; lastKnownFileType = sourcecode.c.objc; path = ViewController.m; sourceTree = "<group>"; };
		2F1C6091197C09E4004D3C2A /* Images.xcassets */ = {isa = PBXFileReference; lastKnownFileType = folder.assetcatalog; path = Images.xcassets; sourceTree = "<group>"; };
		2F1C6097197C09E5004D3C2A /* AllianceTests.xctest */ = {isa = PBXFileReference; explicitFileType = wrapper.cfbundle; includeInIndex = 0; path = AllianceTests.xctest; sourceTree = BUILT_PRODUCTS_DIR; };
		2F1C6098197C09E5004D3C2A /* XCTest.framework */ = {isa = PBXFileReference; lastKnownFileType = wrapper.framework; name = XCTest.framework; path = Library/Frameworks/XCTest.framework; sourceTree = DEVELOPER_DIR; };
		2F1C60A0197C09E5004D3C2A /* AllianceTests-Info.plist */ = {isa = PBXFileReference; lastKnownFileType = text.plist.xml; path = "AllianceTests-Info.plist"; sourceTree = "<group>"; };
		2F1C60A2197C09E5004D3C2A /* en */ = {isa = PBXFileReference; lastKnownFileType = text.plist.strings; name = en; path = en.lproj/InfoPlist.strings; sourceTree = "<group>"; };
		2F1C60A4197C09E5004D3C2A /* AllianceTests.m */ = {isa = PBXFileReference; lastKnownFileType = sourcecode.c.objc; path = AllianceTests.m; sourceTree = "<group>"; };
		2F6629B21986AB4300DD28E9 /* th */ = {isa = PBXFileReference; lastKnownFileType = text.plist.strings; name = th; path = th.lproj/Dungeons.strings; sourceTree = "<group>"; };
		2F7498611986548E00AE2608 /* MapVC.h */ = {isa = PBXFileReference; fileEncoding = 4; lastKnownFileType = sourcecode.c.h; path = MapVC.h; sourceTree = "<group>"; };
		2F7498621986548E00AE2608 /* MapVC.m */ = {isa = PBXFileReference; fileEncoding = 4; lastKnownFileType = sourcecode.c.objc; path = MapVC.m; sourceTree = "<group>"; };
		2F749864198654D900AE2608 /* map0000.png */ = {isa = PBXFileReference; lastKnownFileType = image.png; path = map0000.png; sourceTree = "<group>"; };
		2F7498661986592300AE2608 /* 启用导航.png */ = {isa = PBXFileReference; lastKnownFileType = image.png; path = "启用导航.png"; sourceTree = "<group>"; };
		2F9B6414198349D3003EF37F /* 我已出发.png */ = {isa = PBXFileReference; lastKnownFileType = image.png; path = "我已出发.png"; sourceTree = "<group>"; };
		2F9B6415198349D3003EF37F /* 接机.png */ = {isa = PBXFileReference; lastKnownFileType = image.png; path = "接机.png"; sourceTree = "<group>"; };
		2F9B6416198349D3003EF37F /* 查看导航.png */ = {isa = PBXFileReference; lastKnownFileType = image.png; path = "查看导航.png"; sourceTree = "<group>"; };
		2F9B6417198349D3003EF37F /* 查看导航_方向.png */ = {isa = PBXFileReference; lastKnownFileType = image.png; path = "查看导航_方向.png"; sourceTree = "<group>"; };
		2F9B6418198349D3003EF37F /* 终点.png */ = {isa = PBXFileReference; lastKnownFileType = image.png; path = "终点.png"; sourceTree = "<group>"; };
		2F9B6419198349D3003EF37F /* 起点.png */ = {isa = PBXFileReference; lastKnownFileType = image.png; path = "起点.png"; sourceTree = "<group>"; };
		2F9B641A198349D3003EF37F /* 雷阵雨.png */ = {isa = PBXFileReference; lastKnownFileType = image.png; path = "雷阵雨.png"; sourceTree = "<group>"; };
		2F9B641B198349D3003EF37F /* 预约用车.png */ = {isa = PBXFileReference; lastKnownFileType = image.png; path = "预约用车.png"; sourceTree = "<group>"; };
		2F9B6424198390D4003EF37F /* 订单提示.png */ = {isa = PBXFileReference; lastKnownFileType = image.png; path = "订单提示.png"; sourceTree = "<group>"; };
		2F9B6425198390D4003EF37F /* 返回.png */ = {isa = PBXFileReference; lastKnownFileType = image.png; path = "返回.png"; sourceTree = "<group>"; };
		2F9B6426198390D4003EF37F /* 起点_订单提示.png */ = {isa = PBXFileReference; lastKnownFileType = image.png; path = "起点_订单提示.png"; sourceTree = "<group>"; };
		2F9B6427198390D4003EF37F /* 抢单.png */ = {isa = PBXFileReference; lastKnownFileType = image.png; path = "抢单.png"; sourceTree = "<group>"; };
		2F9B6428198390D4003EF37F /* 终点_订单提示.png */ = {isa = PBXFileReference; lastKnownFileType = image.png; path = "终点_订单提示.png"; sourceTree = "<group>"; };
		2F9B6429198390D4003EF37F /* bg.png */ = {isa = PBXFileReference; lastKnownFileType = image.png; path = bg.png; sourceTree = "<group>"; };
		2F9B64301983B73F003EF37F /* MissionView.h */ = {isa = PBXFileReference; fileEncoding = 4; lastKnownFileType = sourcecode.c.h; path = MissionView.h; sourceTree = "<group>"; };
		2F9B64311983B73F003EF37F /* MissionView.m */ = {isa = PBXFileReference; fileEncoding = 4; lastKnownFileType = sourcecode.c.objc; path = MissionView.m; sourceTree = "<group>"; };
		2F9B6C6F1987C32400ED8936 /* 待办.png */ = {isa = PBXFileReference; lastKnownFileType = image.png; path = "待办.png"; sourceTree = "<group>"; };
		2F9B6C711987C3B900ED8936 /* 我的_normal.png */ = {isa = PBXFileReference; lastKnownFileType = image.png; path = "我的_normal.png"; sourceTree = "<group>"; };
		2F9B6C731987C7B900ED8936 /* icon512@2x.png */ = {isa = PBXFileReference; lastKnownFileType = image.png; path = "icon512@2x.png"; sourceTree = "<group>"; };
		2F9B6C741987C7B900ED8936 /* icon144@2x.png */ = {isa = PBXFileReference; lastKnownFileType = image.png; path = "icon144@2x.png"; sourceTree = "<group>"; };
		2F9B6C751987C7B900ED8936 /* icon57@2x.png */ = {isa = PBXFileReference; lastKnownFileType = image.png; path = "icon57@2x.png"; sourceTree = "<group>"; };
		2F9B6C761987C7B900ED8936 /* icon58@2x.png */ = {isa = PBXFileReference; lastKnownFileType = image.png; path = "icon58@2x.png"; sourceTree = "<group>"; };
		2F9B6C771987C7B900ED8936 /* icon29@2x.png */ = {isa = PBXFileReference; lastKnownFileType = image.png; path = "icon29@2x.png"; sourceTree = "<group>"; };
		2F9B6C781987C7B900ED8936 /* icon80@2x.png */ = {isa = PBXFileReference; lastKnownFileType = image.png; path = "icon80@2x.png"; sourceTree = "<group>"; };
		2F9B6C791987C7B900ED8936 /* icon114@2x.png */ = {isa = PBXFileReference; lastKnownFileType = image.png; path = "icon114@2x.png"; sourceTree = "<group>"; };
		2F9B6C7A1987C7B900ED8936 /* icon120@2x.png */ = {isa = PBXFileReference; lastKnownFileType = image.png; path = "icon120@2x.png"; sourceTree = "<group>"; };
		2FB84BCC198123EE002B807F /* DungeonsVC.h */ = {isa = PBXFileReference; fileEncoding = 4; lastKnownFileType = sourcecode.c.h; path = DungeonsVC.h; sourceTree = "<group>"; };
		2FB84BCD198123EE002B807F /* DungeonsVC.m */ = {isa = PBXFileReference; fileEncoding = 4; lastKnownFileType = sourcecode.c.objc; path = DungeonsVC.m; sourceTree = "<group>"; };
		2FB84BCE198123EE002B807F /* minback@2x.png */ = {isa = PBXFileReference; lastKnownFileType = image.png; path = "minback@2x.png"; sourceTree = "<group>"; };
		2FB84BCF198123EE002B807F /* NSBundle+Language.h */ = {isa = PBXFileReference; fileEncoding = 4; lastKnownFileType = sourcecode.c.h; path = "NSBundle+Language.h"; sourceTree = "<group>"; };
		2FB84BD0198123EE002B807F /* NSBundle+Language.m */ = {isa = PBXFileReference; fileEncoding = 4; lastKnownFileType = sourcecode.c.objc; path = "NSBundle+Language.m"; sourceTree = "<group>"; };
		2FB84BD1198123EE002B807F /* NSMutableDictionary+Request.h */ = {isa = PBXFileReference; fileEncoding = 4; lastKnownFileType = sourcecode.c.h; path = "NSMutableDictionary+Request.h"; sourceTree = "<group>"; };
		2FB84BD2198123EE002B807F /* NSMutableDictionary+Request.m */ = {isa = PBXFileReference; fileEncoding = 4; lastKnownFileType = sourcecode.c.objc; path = "NSMutableDictionary+Request.m"; sourceTree = "<group>"; };
		2FB84BD3198123EE002B807F /* NSMutableDictionary+Response.h */ = {isa = PBXFileReference; fileEncoding = 4; lastKnownFileType = sourcecode.c.h; path = "NSMutableDictionary+Response.h"; sourceTree = "<group>"; };
		2FB84BD4198123EE002B807F /* NSMutableDictionary+Response.m */ = {isa = PBXFileReference; fileEncoding = 4; lastKnownFileType = sourcecode.c.objc; path = "NSMutableDictionary+Response.m"; sourceTree = "<group>"; };
		2FB84BD5198123EE002B807F /* NSMutableDictionary+Status.h */ = {isa = PBXFileReference; fileEncoding = 4; lastKnownFileType = sourcecode.c.h; path = "NSMutableDictionary+Status.h"; sourceTree = "<group>"; };
		2FB84BD6198123EE002B807F /* NSMutableDictionary+Status.m */ = {isa = PBXFileReference; fileEncoding = 4; lastKnownFileType = sourcecode.c.objc; path = "NSMutableDictionary+Status.m"; sourceTree = "<group>"; };
		2FB84BD7198123EE002B807F /* Orgrimar.h */ = {isa = PBXFileReference; fileEncoding = 4; lastKnownFileType = sourcecode.c.h; path = Orgrimar.h; sourceTree = "<group>"; };
		2FB84BD8198123EE002B807F /* Orgrimar.m */ = {isa = PBXFileReference; fileEncoding = 4; lastKnownFileType = sourcecode.c.objc; path = Orgrimar.m; sourceTree = "<group>"; };
		2FB84BD9198123EE002B807F /* SoloVC.h */ = {isa = PBXFileReference; fileEncoding = 4; lastKnownFileType = sourcecode.c.h; path = SoloVC.h; sourceTree = "<group>"; };
		2FB84BDA198123EE002B807F /* SoloVC.m */ = {isa = PBXFileReference; fileEncoding = 4; lastKnownFileType = sourcecode.c.objc; path = SoloVC.m; sourceTree = "<group>"; };
		2FB84BE6198126D5002B807F /* StratholmeVC.h */ = {isa = PBXFileReference; fileEncoding = 4; lastKnownFileType = sourcecode.c.h; path = StratholmeVC.h; sourceTree = "<group>"; };
		2FB84BE7198126D5002B807F /* StratholmeVC.m */ = {isa = PBXFileReference; fileEncoding = 4; lastKnownFileType = sourcecode.c.objc; path = StratholmeVC.m; sourceTree = "<group>"; };
		2FB84BE91981276E002B807F /* LivingSideVC.h */ = {isa = PBXFileReference; fileEncoding = 4; lastKnownFileType = sourcecode.c.h; path = LivingSideVC.h; sourceTree = "<group>"; };
		2FB84BEA1981276E002B807F /* LivingSideVC.m */ = {isa = PBXFileReference; fileEncoding = 4; lastKnownFileType = sourcecode.c.objc; path = LivingSideVC.m; sourceTree = "<group>"; };
		2FB84BEC1981278C002B807F /* UndeadSideVC.h */ = {isa = PBXFileReference; fileEncoding = 4; lastKnownFileType = sourcecode.c.h; path = UndeadSideVC.h; sourceTree = "<group>"; };
		2FB84BED1981278C002B807F /* UndeadSideVC.m */ = {isa = PBXFileReference; fileEncoding = 4; lastKnownFileType = sourcecode.c.objc; path = UndeadSideVC.m; sourceTree = "<group>"; };
		2FB84BEF1981281E002B807F /* UIHelper.h */ = {isa = PBXFileReference; fileEncoding = 4; lastKnownFileType = sourcecode.c.h; path = UIHelper.h; sourceTree = "<group>"; };
		2FB84BF01981281E002B807F /* UIHelper.m */ = {isa = PBXFileReference; fileEncoding = 4; lastKnownFileType = sourcecode.c.objc; path = UIHelper.m; sourceTree = "<group>"; };
		2FB84BF11981281E002B807F /* UIImageView+Util.h */ = {isa = PBXFileReference; fileEncoding = 4; lastKnownFileType = sourcecode.c.h; path = "UIImageView+Util.h"; sourceTree = "<group>"; };
		2FB84BF21981281E002B807F /* UIImageView+Util.m */ = {isa = PBXFileReference; fileEncoding = 4; lastKnownFileType = sourcecode.c.objc; path = "UIImageView+Util.m"; sourceTree = "<group>"; };
		2FB84BF31981281E002B807F /* UILabel+Util.h */ = {isa = PBXFileReference; fileEncoding = 4; lastKnownFileType = sourcecode.c.h; path = "UILabel+Util.h"; sourceTree = "<group>"; };
		2FB84BF41981281E002B807F /* UILabel+Util.m */ = {isa = PBXFileReference; fileEncoding = 4; lastKnownFileType = sourcecode.c.objc; path = "UILabel+Util.m"; sourceTree = "<group>"; };
		2FB84BF51981281E002B807F /* UIView+Util.h */ = {isa = PBXFileReference; fileEncoding = 4; lastKnownFileType = sourcecode.c.h; path = "UIView+Util.h"; sourceTree = "<group>"; };
		2FB84BF61981281E002B807F /* UIView+Util.m */ = {isa = PBXFileReference; fileEncoding = 4; lastKnownFileType = sourcecode.c.objc; path = "UIView+Util.m"; sourceTree = "<group>"; };
		2FB84BFC19813764002B807F /* MissionCell.h */ = {isa = PBXFileReference; fileEncoding = 4; lastKnownFileType = sourcecode.c.h; path = MissionCell.h; sourceTree = "<group>"; };
		2FB84BFD19813764002B807F /* MissionCell.m */ = {isa = PBXFileReference; fileEncoding = 4; lastKnownFileType = sourcecode.c.objc; path = MissionCell.m; sourceTree = "<group>"; };
		2FB84BFF19813876002B807F /* TheDarkPortal.h */ = {isa = PBXFileReference; fileEncoding = 4; lastKnownFileType = sourcecode.c.h; path = TheDarkPortal.h; sourceTree = "<group>"; };
		2FB84C0019813876002B807F /* TheDarkPortal.m */ = {isa = PBXFileReference; fileEncoding = 4; lastKnownFileType = sourcecode.c.objc; path = TheDarkPortal.m; sourceTree = "<group>"; };
		2FB84C021981F259002B807F /* OldCrafty.h */ = {isa = PBXFileReference; fileEncoding = 4; lastKnownFileType = sourcecode.c.h; path = OldCrafty.h; sourceTree = "<group>"; };
		2FB84C031981F259002B807F /* OldCrafty.m */ = {isa = PBXFileReference; fileEncoding = 4; lastKnownFileType = sourcecode.c.objc; path = OldCrafty.m; sourceTree = "<group>"; };
		2FB84C081981F4F4002B807F /* NSMutableDictionary+Mission.h */ = {isa = PBXFileReference; fileEncoding = 4; lastKnownFileType = sourcecode.c.h; path = "NSMutableDictionary+Mission.h"; sourceTree = "<group>"; };
		2FB84C091981F4F4002B807F /* NSMutableDictionary+Mission.m */ = {isa = PBXFileReference; fileEncoding = 4; lastKnownFileType = sourcecode.c.objc; path = "NSMutableDictionary+Mission.m"; sourceTree = "<group>"; };
		2FBA0D7B197CFEDA00B8C280 /* zh-Hans */ = {isa = PBXFileReference; lastKnownFileType = text.plist.strings; name = "zh-Hans"; path = "zh-Hans.lproj/Dungeons.strings"; sourceTree = "<group>"; };
/* End PBXFileReference section */

/* Begin PBXFrameworksBuildPhase section */
		2F1C6073197C09E4004D3C2A /* Frameworks */ = {
			isa = PBXFrameworksBuildPhase;
			buildActionMask = 2147483647;
			files = (
				2F1C607C197C09E4004D3C2A /* CoreGraphics.framework in Frameworks */,
				2F1C607E197C09E4004D3C2A /* UIKit.framework in Frameworks */,
				2F1C607A197C09E4004D3C2A /* Foundation.framework in Frameworks */,
			);
			runOnlyForDeploymentPostprocessing = 0;
		};
		2F1C6094197C09E5004D3C2A /* Frameworks */ = {
			isa = PBXFrameworksBuildPhase;
			buildActionMask = 2147483647;
			files = (
				2F1C6099197C09E5004D3C2A /* XCTest.framework in Frameworks */,
				2F1C609B197C09E5004D3C2A /* UIKit.framework in Frameworks */,
				2F1C609A197C09E5004D3C2A /* Foundation.framework in Frameworks */,
			);
			runOnlyForDeploymentPostprocessing = 0;
		};
/* End PBXFrameworksBuildPhase section */

/* Begin PBXGroup section */
		2F1C606D197C09E4004D3C2A = {
			isa = PBXGroup;
			children = (
				2F1C607F197C09E4004D3C2A /* Alliance */,
				2F1C609E197C09E5004D3C2A /* AllianceTests */,
				2F1C6078197C09E4004D3C2A /* Frameworks */,
				2F1C6077197C09E4004D3C2A /* Products */,
			);
			sourceTree = "<group>";
		};
		2F1C6077197C09E4004D3C2A /* Products */ = {
			isa = PBXGroup;
			children = (
				2F1C6076197C09E4004D3C2A /* 当地司机版.app */,
				2F1C6097197C09E5004D3C2A /* AllianceTests.xctest */,
			);
			name = Products;
			sourceTree = "<group>";
		};
		2F1C6078197C09E4004D3C2A /* Frameworks */ = {
			isa = PBXGroup;
			children = (
				2F1C6079197C09E4004D3C2A /* Foundation.framework */,
				2F1C607B197C09E4004D3C2A /* CoreGraphics.framework */,
				2F1C607D197C09E4004D3C2A /* UIKit.framework */,
				2F1C6098197C09E5004D3C2A /* XCTest.framework */,
			);
			name = Frameworks;
			sourceTree = "<group>";
		};
		2F1C607F197C09E4004D3C2A /* Alliance */ = {
			isa = PBXGroup;
			children = (
				2F1C6088197C09E4004D3C2A /* AppDelegate.h */,
				2F1C6089197C09E4004D3C2A /* AppDelegate.m */,
				2FB84BFB19812D2B002B807F /* Cell */,
				2FB84BCB198123EE002B807F /* Dungeons */,
				2F9B6413198349D3003EF37F /* images */,
				2F1C6091197C09E4004D3C2A /* Images.xcassets */,
				2F1C608B197C09E4004D3C2A /* Main.storyboard */,
				2F563344197CBEA200974305 /* Service */,
				2F563345197CBEA900974305 /* Service+bean */,
				2F1C6080197C09E4004D3C2A /* Supporting Files */,
				2F563342197CBE6300974305 /* VC */,
				2F563343197CBE7100974305 /* VC+Detail */,
				2F1C608E197C09E4004D3C2A /* ViewController.h */,
				2F1C608F197C09E4004D3C2A /* ViewController.m */,
			);
			path = Alliance;
			sourceTree = "<group>";
		};
		2F1C6080197C09E4004D3C2A /* Supporting Files */ = {
			isa = PBXGroup;
			children = (
				2F1C6081197C09E4004D3C2A /* Alliance-Info.plist */,
				2F1C6082197C09E4004D3C2A /* InfoPlist.strings */,
				2F1C6085197C09E4004D3C2A /* main.m */,
				2F1C6087197C09E4004D3C2A /* Alliance-Prefix.pch */,
				2FBA0D7A197CFEB100B8C280 /* Dungeons.strings */,
			);
			name = "Supporting Files";
			sourceTree = "<group>";
		};
		2F1C609E197C09E5004D3C2A /* AllianceTests */ = {
			isa = PBXGroup;
			children = (
				2F1C60A4197C09E5004D3C2A /* AllianceTests.m */,
				2F1C609F197C09E5004D3C2A /* Supporting Files */,
			);
			path = AllianceTests;
			sourceTree = "<group>";
		};
		2F1C609F197C09E5004D3C2A /* Supporting Files */ = {
			isa = PBXGroup;
			children = (
				2F1C60A0197C09E5004D3C2A /* AllianceTests-Info.plist */,
				2F1C60A1197C09E5004D3C2A /* InfoPlist.strings */,
			);
			name = "Supporting Files";
			sourceTree = "<group>";
		};
		2F563342197CBE6300974305 /* VC */ = {
			isa = PBXGroup;
			children = (
				2FB84BE6198126D5002B807F /* StratholmeVC.h */,
				2FB84BE7198126D5002B807F /* StratholmeVC.m */,
				2FB84BE91981276E002B807F /* LivingSideVC.h */,
				2FB84BEA1981276E002B807F /* LivingSideVC.m */,
				2FB84BEC1981278C002B807F /* UndeadSideVC.h */,
				2FB84BED1981278C002B807F /* UndeadSideVC.m */,
			);
			name = VC;
			sourceTree = "<group>";
		};
		2F563343197CBE7100974305 /* VC+Detail */ = {
			isa = PBXGroup;
			children = (
				2F7498611986548E00AE2608 /* MapVC.h */,
				2F7498621986548E00AE2608 /* MapVC.m */,
			);
			name = "VC+Detail";
			sourceTree = "<group>";
		};
		2F563344197CBEA200974305 /* Service */ = {
			isa = PBXGroup;
			children = (
				2FB84BFF19813876002B807F /* TheDarkPortal.h */,
				2FB84C0019813876002B807F /* TheDarkPortal.m */,
				2FB84C021981F259002B807F /* OldCrafty.h */,
				2FB84C031981F259002B807F /* OldCrafty.m */,
			);
			name = Service;
			sourceTree = "<group>";
		};
		2F563345197CBEA900974305 /* Service+bean */ = {
			isa = PBXGroup;
			children = (
				2FB84C081981F4F4002B807F /* NSMutableDictionary+Mission.h */,
				2FB84C091981F4F4002B807F /* NSMutableDictionary+Mission.m */,
			);
			name = "Service+bean";
			sourceTree = "<group>";
		};
		2F9B6413198349D3003EF37F /* images */ = {
			isa = PBXGroup;
			children = (
				2F9B6C711987C3B900ED8936 /* 我的_normal.png */,
				2F9B6C731987C7B900ED8936 /* icon512@2x.png */,
				2F9B6C741987C7B900ED8936 /* icon144@2x.png */,
				2F9B6C751987C7B900ED8936 /* icon57@2x.png */,
				2F9B6C761987C7B900ED8936 /* icon58@2x.png */,
				2F9B6C771987C7B900ED8936 /* icon29@2x.png */,
				2F9B6C781987C7B900ED8936 /* icon80@2x.png */,
				2F9B6C791987C7B900ED8936 /* icon114@2x.png */,
				2F9B6C7A1987C7B900ED8936 /* icon120@2x.png */,
				2F9B6C6F1987C32400ED8936 /* 待办.png */,
				2F7498661986592300AE2608 /* 启用导航.png */,
				2F749864198654D900AE2608 /* map0000.png */,
				2F9B6424198390D4003EF37F /* 订单提示.png */,
				2F9B6425198390D4003EF37F /* 返回.png */,
				2F9B6426198390D4003EF37F /* 起点_订单提示.png */,
				2F9B6427198390D4003EF37F /* 抢单.png */,
				2F9B6428198390D4003EF37F /* 终点_订单提示.png */,
				2F9B6429198390D4003EF37F /* bg.png */,
				2F9B6414198349D3003EF37F /* 我已出发.png */,
				2F9B6415198349D3003EF37F /* 接机.png */,
				2F9B6416198349D3003EF37F /* 查看导航.png */,
				2F9B6417198349D3003EF37F /* 查看导航_方向.png */,
				2F9B6418198349D3003EF37F /* 终点.png */,
				2F9B6419198349D3003EF37F /* 起点.png */,
				2F9B641A198349D3003EF37F /* 雷阵雨.png */,
				2F9B641B198349D3003EF37F /* 预约用车.png */,
			);
			path = images;
			sourceTree = "<group>";
		};
		2FB84BCB198123EE002B807F /* Dungeons */ = {
			isa = PBXGroup;
			children = (
				2FB84BEF1981281E002B807F /* UIHelper.h */,
				2FB84BF01981281E002B807F /* UIHelper.m */,
				2FB84BF11981281E002B807F /* UIImageView+Util.h */,
				2FB84BF21981281E002B807F /* UIImageView+Util.m */,
				2FB84BF31981281E002B807F /* UILabel+Util.h */,
				2FB84BF41981281E002B807F /* UILabel+Util.m */,
				2FB84BF51981281E002B807F /* UIView+Util.h */,
				2FB84BF61981281E002B807F /* UIView+Util.m */,
				2FB84BCC198123EE002B807F /* DungeonsVC.h */,
				2FB84BCD198123EE002B807F /* DungeonsVC.m */,
				2FB84BCE198123EE002B807F /* minback@2x.png */,
				2FB84BCF198123EE002B807F /* NSBundle+Language.h */,
				2FB84BD0198123EE002B807F /* NSBundle+Language.m */,
				2FB84BD1198123EE002B807F /* NSMutableDictionary+Request.h */,
				2FB84BD2198123EE002B807F /* NSMutableDictionary+Request.m */,
				2FB84BD3198123EE002B807F /* NSMutableDictionary+Response.h */,
				2FB84BD4198123EE002B807F /* NSMutableDictionary+Response.m */,
				2FB84BD5198123EE002B807F /* NSMutableDictionary+Status.h */,
				2FB84BD6198123EE002B807F /* NSMutableDictionary+Status.m */,
				2FB84BD7198123EE002B807F /* Orgrimar.h */,
				2FB84BD8198123EE002B807F /* Orgrimar.m */,
				2FB84BD9198123EE002B807F /* SoloVC.h */,
				2FB84BDA198123EE002B807F /* SoloVC.m */,
			);
			path = Dungeons;
			sourceTree = "<group>";
		};
		2FB84BFB19812D2B002B807F /* Cell */ = {
			isa = PBXGroup;
			children = (
				2FB84BFC19813764002B807F /* MissionCell.h */,
				2FB84BFD19813764002B807F /* MissionCell.m */,
				2F9B64301983B73F003EF37F /* MissionView.h */,
				2F9B64311983B73F003EF37F /* MissionView.m */,
			);
			name = Cell;
			sourceTree = "<group>";
		};
/* End PBXGroup section */

/* Begin PBXNativeTarget section */
		2F1C6075197C09E4004D3C2A /* Alliance */ = {
			isa = PBXNativeTarget;
			buildConfigurationList = 2F1C60A8197C09E5004D3C2A /* Build configuration list for PBXNativeTarget "Alliance" */;
			buildPhases = (
				2F1C6072197C09E4004D3C2A /* Sources */,
				2F1C6073197C09E4004D3C2A /* Frameworks */,
				2F1C6074197C09E4004D3C2A /* Resources */,
			);
			buildRules = (
			);
			dependencies = (
			);
			name = Alliance;
			productName = Alliance;
			productReference = 2F1C6076197C09E4004D3C2A /* 当地司机版.app */;
			productType = "com.apple.product-type.application";
		};
		2F1C6096197C09E5004D3C2A /* AllianceTests */ = {
			isa = PBXNativeTarget;
			buildConfigurationList = 2F1C60AB197C09E5004D3C2A /* Build configuration list for PBXNativeTarget "AllianceTests" */;
			buildPhases = (
				2F1C6093197C09E5004D3C2A /* Sources */,
				2F1C6094197C09E5004D3C2A /* Frameworks */,
				2F1C6095197C09E5004D3C2A /* Resources */,
			);
			buildRules = (
			);
			dependencies = (
				2F1C609D197C09E5004D3C2A /* PBXTargetDependency */,
			);
			name = AllianceTests;
			productName = AllianceTests;
			productReference = 2F1C6097197C09E5004D3C2A /* AllianceTests.xctest */;
			productType = "com.apple.product-type.bundle.unit-test";
		};
/* End PBXNativeTarget section */

/* Begin PBXProject section */
		2F1C606E197C09E4004D3C2A /* Project object */ = {
			isa = PBXProject;
			attributes = {
				LastUpgradeCheck = 0510;
				ORGANIZATIONNAME = Bwl;
				TargetAttributes = {
					2F1C6096197C09E5004D3C2A = {
						TestTargetID = 2F1C6075197C09E4004D3C2A;
					};
				};
			};
			buildConfigurationList = 2F1C6071197C09E4004D3C2A /* Build configuration list for PBXProject "Alliance" */;
			compatibilityVersion = "Xcode 3.2";
			developmentRegion = English;
			hasScannedForEncodings = 0;
			knownRegions = (
				en,
				Base,
				"zh-Hans",
				th,
			);
			mainGroup = 2F1C606D197C09E4004D3C2A;
			productRefGroup = 2F1C6077197C09E4004D3C2A /* Products */;
			projectDirPath = "";
			projectRoot = "";
			targets = (
				2F1C6075197C09E4004D3C2A /* Alliance */,
				2F1C6096197C09E5004D3C2A /* AllianceTests */,
			);
		};
/* End PBXProject section */

/* Begin PBXResourcesBuildPhase section */
		2F1C6074197C09E4004D3C2A /* Resources */ = {
			isa = PBXResourcesBuildPhase;
			buildActionMask = 2147483647;
			files = (
				2F9B6420198349D3003EF37F /* 终点.png in Resources */,
				2F9B642E198390D4003EF37F /* 终点_订单提示.png in Resources */,
				2F9B6C701987C32400ED8936 /* 待办.png in Resources */,
				2F9B641D198349D3003EF37F /* 接机.png in Resources */,
				2F9B6C7C1987C7B900ED8936 /* icon144@2x.png in Resources */,
				2F9B641E198349D3003EF37F /* 查看导航.png in Resources */,
				2F1C6092197C09E4004D3C2A /* Images.xcassets in Resources */,
				2F9B6423198349D3003EF37F /* 预约用车.png in Resources */,
				2F1C6084197C09E4004D3C2A /* InfoPlist.strings in Resources */,
				2F9B642A198390D4003EF37F /* 订单提示.png in Resources */,
				2F9B6C721987C3B900ED8936 /* 我的_normal.png in Resources */,
				2F9B6421198349D3003EF37F /* 起点.png in Resources */,
				2F9B6C7E1987C7B900ED8936 /* icon58@2x.png in Resources */,
				2F9B6422198349D3003EF37F /* 雷阵雨.png in Resources */,
				2F9B6C7B1987C7B900ED8936 /* icon512@2x.png in Resources */,
				2F1C608D197C09E4004D3C2A /* Main.storyboard in Resources */,
				2F9B6C801987C7B900ED8936 /* icon80@2x.png in Resources */,
				2F9B642B198390D4003EF37F /* 返回.png in Resources */,
				2F749865198654D900AE2608 /* map0000.png in Resources */,
				2F9B6C821987C7B900ED8936 /* icon120@2x.png in Resources */,
				2FB84BDC198123EE002B807F /* minback@2x.png in Resources */,
				2FBA0D78197CFEB100B8C280 /* Dungeons.strings in Resources */,
				2F9B642F198390D4003EF37F /* bg.png in Resources */,
				2F9B642D198390D4003EF37F /* 抢单.png in Resources */,
				2F9B6C7D1987C7B900ED8936 /* icon57@2x.png in Resources */,
				2F9B641F198349D3003EF37F /* 查看导航_方向.png in Resources */,
				2F9B642C198390D4003EF37F /* 起点_订单提示.png in Resources */,
				2F7498671986592300AE2608 /* 启用导航.png in Resources */,
				2F9B6C7F1987C7B900ED8936 /* icon29@2x.png in Resources */,
				2F9B6C811987C7B900ED8936 /* icon114@2x.png in Resources */,
				2F9B641C198349D3003EF37F /* 我已出发.png in Resources */,
			);
			runOnlyForDeploymentPostprocessing = 0;
		};
		2F1C6095197C09E5004D3C2A /* Resources */ = {
			isa = PBXResourcesBuildPhase;
			buildActionMask = 2147483647;
			files = (
				2F1C60A3197C09E5004D3C2A /* InfoPlist.strings in Resources */,
			);
			runOnlyForDeploymentPostprocessing = 0;
		};
/* End PBXResourcesBuildPhase section */

/* Begin PBXSourcesBuildPhase section */
		2F1C6072197C09E4004D3C2A /* Sources */ = {
			isa = PBXSourcesBuildPhase;
			buildActionMask = 2147483647;
			files = (
				2FB84C0A1981F4F4002B807F /* NSMutableDictionary+Mission.m in Sources */,
				2FB84BFE19813764002B807F /* MissionCell.m in Sources */,
				2FB84BF91981281E002B807F /* UILabel+Util.m in Sources */,
				2F9B64321983B73F003EF37F /* MissionView.m in Sources */,
				2FB84BEE1981278C002B807F /* UndeadSideVC.m in Sources */,
				2FB84C0119813876002B807F /* TheDarkPortal.m in Sources */,
				2F1C6090197C09E4004D3C2A /* ViewController.m in Sources */,
				2FB84BE8198126D5002B807F /* StratholmeVC.m in Sources */,
				2FB84BDD198123EE002B807F /* NSBundle+Language.m in Sources */,
				2F1C608A197C09E4004D3C2A /* AppDelegate.m in Sources */,
				2FB84BF71981281E002B807F /* UIHelper.m in Sources */,
				2FB84BE2198123EE002B807F /* SoloVC.m in Sources */,
				2FB84C041981F259002B807F /* OldCrafty.m in Sources */,
				2FB84BDE198123EE002B807F /* NSMutableDictionary+Request.m in Sources */,
				2FB84BDF198123EE002B807F /* NSMutableDictionary+Response.m in Sources */,
				2F7498631986548E00AE2608 /* MapVC.m in Sources */,
				2F1C6086197C09E4004D3C2A /* main.m in Sources */,
				2FB84BFA1981281E002B807F /* UIView+Util.m in Sources */,
				2FB84BEB1981276E002B807F /* LivingSideVC.m in Sources */,
				2FB84BDB198123EE002B807F /* DungeonsVC.m in Sources */,
				2FB84BE0198123EE002B807F /* NSMutableDictionary+Status.m in Sources */,
				2FB84BF81981281E002B807F /* UIImageView+Util.m in Sources */,
				2FB84BE1198123EE002B807F /* Orgrimar.m in Sources */,
			);
			runOnlyForDeploymentPostprocessing = 0;
		};
		2F1C6093197C09E5004D3C2A /* Sources */ = {
			isa = PBXSourcesBuildPhase;
			buildActionMask = 2147483647;
			files = (
				2F1C60A5197C09E5004D3C2A /* AllianceTests.m in Sources */,
			);
			runOnlyForDeploymentPostprocessing = 0;
		};
/* End PBXSourcesBuildPhase section */

/* Begin PBXTargetDependency section */
		2F1C609D197C09E5004D3C2A /* PBXTargetDependency */ = {
			isa = PBXTargetDependency;
			target = 2F1C6075197C09E4004D3C2A /* Alliance */;
			targetProxy = 2F1C609C197C09E5004D3C2A /* PBXContainerItemProxy */;
		};
/* End PBXTargetDependency section */

/* Begin PBXVariantGroup section */
		2F1C6082197C09E4004D3C2A /* InfoPlist.strings */ = {
			isa = PBXVariantGroup;
			children = (
				2F1C6083197C09E4004D3C2A /* en */,
			);
			name = InfoPlist.strings;
			sourceTree = "<group>";
		};
		2F1C608B197C09E4004D3C2A /* Main.storyboard */ = {
			isa = PBXVariantGroup;
			children = (
				2F1C608C197C09E4004D3C2A /* Base */,
			);
			name = Main.storyboard;
			sourceTree = "<group>";
		};
		2F1C60A1197C09E5004D3C2A /* InfoPlist.strings */ = {
			isa = PBXVariantGroup;
			children = (
				2F1C60A2197C09E5004D3C2A /* en */,
			);
			name = InfoPlist.strings;
			sourceTree = "<group>";
		};
		2FBA0D7A197CFEB100B8C280 /* Dungeons.strings */ = {
			isa = PBXVariantGroup;
			children = (
				2FBA0D7B197CFEDA00B8C280 /* zh-Hans */,
				2F6629B21986AB4300DD28E9 /* th */,
			);
			name = Dungeons.strings;
			sourceTree = "<group>";
		};
/* End PBXVariantGroup section */

/* Begin XCBuildConfiguration section */
		2F1C60A6197C09E5004D3C2A /* Debug */ = {
			isa = XCBuildConfiguration;
			buildSettings = {
				ALWAYS_SEARCH_USER_PATHS = NO;
				CLANG_CXX_LANGUAGE_STANDARD = "gnu++0x";
				CLANG_CXX_LIBRARY = "libc++";
				CLANG_ENABLE_MODULES = YES;
				CLANG_ENABLE_OBJC_ARC = YES;
				CLANG_WARN_BOOL_CONVERSION = YES;
				CLANG_WARN_CONSTANT_CONVERSION = YES;
				CLANG_WARN_DIRECT_OBJC_ISA_USAGE = YES_ERROR;
				CLANG_WARN_EMPTY_BODY = YES;
				CLANG_WARN_ENUM_CONVERSION = YES;
				CLANG_WARN_INT_CONVERSION = YES;
				CLANG_WARN_OBJC_ROOT_CLASS = YES_ERROR;
				CLANG_WARN__DUPLICATE_METHOD_MATCH = YES;
				CODE_SIGN_IDENTITY = "iPhone Developer: ZHAOHUI SUN (PHU454DK2H)";
				"CODE_SIGN_IDENTITY[sdk=iphoneos*]" = "iPhone Developer: ZHAOHUI SUN (PHU454DK2H)";
				COPY_PHASE_STRIP = NO;
				GCC_C_LANGUAGE_STANDARD = gnu99;
				GCC_DYNAMIC_NO_PIC = NO;
				GCC_OPTIMIZATION_LEVEL = 0;
				GCC_PREPROCESSOR_DEFINITIONS = (
					"DEBUG=1",
					"$(inherited)",
				);
				GCC_SYMBOLS_PRIVATE_EXTERN = NO;
				GCC_WARN_64_TO_32_BIT_CONVERSION = YES;
				GCC_WARN_ABOUT_RETURN_TYPE = YES_ERROR;
				GCC_WARN_UNDECLARED_SELECTOR = YES;
				GCC_WARN_UNINITIALIZED_AUTOS = YES_AGGRESSIVE;
				GCC_WARN_UNUSED_FUNCTION = YES;
				GCC_WARN_UNUSED_VARIABLE = YES;
				IPHONEOS_DEPLOYMENT_TARGET = 7.1;
				ONLY_ACTIVE_ARCH = YES;
				SDKROOT = iphoneos;
			};
			name = Debug;
		};
		2F1C60A7197C09E5004D3C2A /* Release */ = {
			isa = XCBuildConfiguration;
			buildSettings = {
				ALWAYS_SEARCH_USER_PATHS = NO;
				CLANG_CXX_LANGUAGE_STANDARD = "gnu++0x";
				CLANG_CXX_LIBRARY = "libc++";
				CLANG_ENABLE_MODULES = YES;
				CLANG_ENABLE_OBJC_ARC = YES;
				CLANG_WARN_BOOL_CONVERSION = YES;
				CLANG_WARN_CONSTANT_CONVERSION = YES;
				CLANG_WARN_DIRECT_OBJC_ISA_USAGE = YES_ERROR;
				CLANG_WARN_EMPTY_BODY = YES;
				CLANG_WARN_ENUM_CONVERSION = YES;
				CLANG_WARN_INT_CONVERSION = YES;
				CLANG_WARN_OBJC_ROOT_CLASS = YES_ERROR;
				CLANG_WARN__DUPLICATE_METHOD_MATCH = YES;
				CODE_SIGN_IDENTITY = "iPhone Developer: ZHAOHUI SUN (PHU454DK2H)";
				"CODE_SIGN_IDENTITY[sdk=iphoneos*]" = "iPhone Developer: ZHAOHUI SUN (PHU454DK2H)";
				COPY_PHASE_STRIP = YES;
				ENABLE_NS_ASSERTIONS = NO;
				GCC_C_LANGUAGE_STANDARD = gnu99;
				GCC_WARN_64_TO_32_BIT_CONVERSION = YES;
				GCC_WARN_ABOUT_RETURN_TYPE = YES_ERROR;
				GCC_WARN_UNDECLARED_SELECTOR = YES;
				GCC_WARN_UNINITIALIZED_AUTOS = YES_AGGRESSIVE;
				GCC_WARN_UNUSED_FUNCTION = YES;
				GCC_WARN_UNUSED_VARIABLE = YES;
				IPHONEOS_DEPLOYMENT_TARGET = 7.1;
				SDKROOT = iphoneos;
				VALIDATE_PRODUCT = YES;
			};
			name = Release;
		};
		2F1C60A9197C09E5004D3C2A /* Debug */ = {
			isa = XCBuildConfiguration;
			buildSettings = {
				ASSETCATALOG_COMPILER_APPICON_NAME = AppIcon;
				ASSETCATALOG_COMPILER_LAUNCHIMAGE_NAME = LaunchImage;
				CODE_SIGN_IDENTITY = "iPhone Developer: ZHAOHUI SUN (PHU454DK2H)";
				GCC_PRECOMPILE_PREFIX_HEADER = YES;
				GCC_PREFIX_HEADER = "Alliance/Alliance-Prefix.pch";
				INFOPLIST_FILE = "Alliance/Alliance-Info.plist";
				PRODUCT_NAME = "当地司机版";
				WRAPPER_EXTENSION = app;
			};
			name = Debug;
		};
		2F1C60AA197C09E5004D3C2A /* Release */ = {
			isa = XCBuildConfiguration;
			buildSettings = {
				ASSETCATALOG_COMPILER_APPICON_NAME = AppIcon;
				ASSETCATALOG_COMPILER_LAUNCHIMAGE_NAME = LaunchImage;
				CODE_SIGN_IDENTITY = "iPhone Developer: ZHAOHUI SUN (PHU454DK2H)";
				GCC_PRECOMPILE_PREFIX_HEADER = YES;
				GCC_PREFIX_HEADER = "Alliance/Alliance-Prefix.pch";
				INFOPLIST_FILE = "Alliance/Alliance-Info.plist";
				PRODUCT_NAME = "当地司机版";
				WRAPPER_EXTENSION = app;
			};
			name = Release;
		};
		2F1C60AC197C09E5004D3C2A /* Debug */ = {
			isa = XCBuildConfiguration;
			buildSettings = {
				BUNDLE_LOADER = "$(BUILT_PRODUCTS_DIR)/Alliance.app/Alliance";
				FRAMEWORK_SEARCH_PATHS = (
					"$(SDKROOT)/Developer/Library/Frameworks",
					"$(inherited)",
					"$(DEVELOPER_FRAMEWORKS_DIR)",
				);
				GCC_PRECOMPILE_PREFIX_HEADER = YES;
				GCC_PREFIX_HEADER = "Alliance/Alliance-Prefix.pch";
				GCC_PREPROCESSOR_DEFINITIONS = (
					"DEBUG=1",
					"$(inherited)",
				);
				INFOPLIST_FILE = "AllianceTests/AllianceTests-Info.plist";
				PRODUCT_NAME = "$(TARGET_NAME)";
				TEST_HOST = "$(BUNDLE_LOADER)";
				WRAPPER_EXTENSION = xctest;
			};
			name = Debug;
		};
		2F1C60AD197C09E5004D3C2A /* Release */ = {
			isa = XCBuildConfiguration;
			buildSettings = {
				BUNDLE_LOADER = "$(BUILT_PRODUCTS_DIR)/Alliance.app/Alliance";
				FRAMEWORK_SEARCH_PATHS = (
					"$(SDKROOT)/Developer/Library/Frameworks",
					"$(inherited)",
					"$(DEVELOPER_FRAMEWORKS_DIR)",
				);
				GCC_PRECOMPILE_PREFIX_HEADER = YES;
				GCC_PREFIX_HEADER = "Alliance/Alliance-Prefix.pch";
				INFOPLIST_FILE = "AllianceTests/AllianceTests-Info.plist";
				PRODUCT_NAME = "$(TARGET_NAME)";
				TEST_HOST = "$(BUNDLE_LOADER)";
				WRAPPER_EXTENSION = xctest;
			};
			name = Release;
		};
/* End XCBuildConfiguration section */

/* Begin XCConfigurationList section */
		2F1C6071197C09E4004D3C2A /* Build configuration list for PBXProject "Alliance" */ = {
			isa = XCConfigurationList;
			buildConfigurations = (
				2F1C60A6197C09E5004D3C2A /* Debug */,
				2F1C60A7197C09E5004D3C2A /* Release */,
			);
			defaultConfigurationIsVisible = 0;
			defaultConfigurationName = Release;
		};
		2F1C60A8197C09E5004D3C2A /* Build configuration list for PBXNativeTarget "Alliance" */ = {
			isa = XCConfigurationList;
			buildConfigurations = (
				2F1C60A9197C09E5004D3C2A /* Debug */,
				2F1C60AA197C09E5004D3C2A /* Release */,
			);
			defaultConfigurationIsVisible = 0;
			defaultConfigurationName = Release;
		};
		2F1C60AB197C09E5004D3C2A /* Build configuration list for PBXNativeTarget "AllianceTests" */ = {
			isa = XCConfigurationList;
			buildConfigurations = (
				2F1C60AC197C09E5004D3C2A /* Debug */,
				2F1C60AD197C09E5004D3C2A /* Release */,
			);
			defaultConfigurationIsVisible = 0;
			defaultConfigurationName = Release;
		};
/* End XCConfigurationList section */
	};
	rootObject = 2F1C606E197C09E4004D3C2A /* Project object */;
}
